speakeasyVersion: 1.763.3
sources:
    Cribl API Reference:
        sourceNamespace: cribl-api-reference
        sourceRevisionDigest: sha256:2a230470683df67367bcba9f46387e8ca2236d666ae061d95be7fcd64e8afa1f
        sourceBlobDigest: sha256:2babe69af784952b2f84aa43f051651a6fe78332e1e298346883bfdfb7bec6a0
        tags:
            - latest
            - 4.19.0-alpha.1779318273531-b75cd27e
targets:
    cribl-control-plane:
        source: Cribl API Reference
        sourceNamespace: cribl-api-reference
        sourceRevisionDigest: sha256:2a230470683df67367bcba9f46387e8ca2236d666ae061d95be7fcd64e8afa1f
        sourceBlobDigest: sha256:2babe69af784952b2f84aa43f051651a6fe78332e1e298346883bfdfb7bec6a0
        codeSamplesNamespace: cribl-api-reference-typescript-code-samples
        codeSamplesRevisionDigest: sha256:2387ed6a59e2c781cc558a0f1fad7bf2aeceee582a7b81cea955d0722f9c7759
workflow:
    workflowVersion: 1.0.0
    speakeasyVersion: 1.763.3
    sources:
        Cribl API Reference:
            inputs:
                - location: https://raw.githubusercontent.com/criblio/cribl-openapi-spec/main/specs/control-plane-dev.yml
            output: .speakeasy/out.openapi.yaml
            registry:
                location: registry.speakeasyapi.dev/cribl/cribl/cribl-api-reference
    targets:
        cribl-control-plane:
            target: typescript
            source: Cribl API Reference
            publish:
                npm:
                    token: $npm_token
            codeSamples:
                registry:
                    location: registry.speakeasyapi.dev/cribl/cribl/cribl-api-reference-typescript-code-samples
                labelOverride:
                    fixedValue: Typescript (SDK)
                blocking: false
            testing:
                enabled: false
