speakeasyVersion: 1.761.1
sources:
    Cribl API Reference:
        sourceNamespace: cribl-api-reference
        sourceRevisionDigest: sha256:979c51e37a661e5fcb5b4de9294396ac5da6fa734aa264f1ae6f5d2d9c2833a7
        sourceBlobDigest: sha256:1c153c226c299acd152b6445db77fdc801f504cf58739372b6eab7c5d373c301
        tags:
            - latest
            - 4.17.1-alpha.1775260909420-0b566158
targets:
    cribl-control-plane:
        source: Cribl API Reference
        sourceNamespace: cribl-api-reference
        sourceRevisionDigest: sha256:979c51e37a661e5fcb5b4de9294396ac5da6fa734aa264f1ae6f5d2d9c2833a7
        sourceBlobDigest: sha256:1c153c226c299acd152b6445db77fdc801f504cf58739372b6eab7c5d373c301
        codeSamplesNamespace: cribl-api-reference-typescript-code-samples
        codeSamplesRevisionDigest: sha256:d1663a757829039af8cb015df915c7962a89eb8ff6764f47b2a496d406f3cdbb
workflow:
    workflowVersion: 1.0.0
    speakeasyVersion: 1.761.1
    sources:
        Cribl API Reference:
            inputs:
                - location: https://raw.githubusercontent.com/criblio/cribl-openapi-spec/main/specs/control-plane-prerelease.yml
            output: .speakeasy/out.openapi.yaml
            registry:
                location: registry.speakeasyapi.dev/cribl/cribl/cribl-api-reference
    targets:
        cribl-control-plane:
            target: typescript
            source: Cribl API Reference
            publish:
                npm:
                    token: $npm_token
            codeSamples:
                registry:
                    location: registry.speakeasyapi.dev/cribl/cribl/cribl-api-reference-typescript-code-samples
                labelOverride:
                    fixedValue: Typescript (SDK)
                blocking: false
            testing:
                enabled: false
