speakeasyVersion: 1.761.1
sources:
    Cribl API Reference:
        sourceNamespace: cribl-api-reference
        sourceRevisionDigest: sha256:95e6d61dbd3397d6a26aea755f47c5735b3ddf9015cee8404ac3a72004a47fca
        sourceBlobDigest: sha256:ff4789b8594d18a7d0908839b3021532a6462513d1a2c6b94b4b0aaa41876c2b
        tags:
            - latest
            - 4.18.0-alpha.1775586370720-c6a723dc
targets:
    cribl-control-plane:
        source: Cribl API Reference
        sourceNamespace: cribl-api-reference
        sourceRevisionDigest: sha256:95e6d61dbd3397d6a26aea755f47c5735b3ddf9015cee8404ac3a72004a47fca
        sourceBlobDigest: sha256:ff4789b8594d18a7d0908839b3021532a6462513d1a2c6b94b4b0aaa41876c2b
        codeSamplesNamespace: cribl-api-reference-typescript-code-samples
        codeSamplesRevisionDigest: sha256:ebe89937f1b84dfc072e6636f3bebb737ad9346f0b388b3d142e6c038d133976
workflow:
    workflowVersion: 1.0.0
    speakeasyVersion: 1.761.1
    sources:
        Cribl API Reference:
            inputs:
                - location: https://raw.githubusercontent.com/criblio/cribl-openapi-spec/main/specs/control-plane-prerelease.yml
            output: .speakeasy/out.openapi.yaml
            registry:
                location: registry.speakeasyapi.dev/cribl/cribl/cribl-api-reference
    targets:
        cribl-control-plane:
            target: typescript
            source: Cribl API Reference
            publish:
                npm:
                    token: $npm_token
            codeSamples:
                registry:
                    location: registry.speakeasyapi.dev/cribl/cribl/cribl-api-reference-typescript-code-samples
                labelOverride:
                    fixedValue: Typescript (SDK)
                blocking: false
            testing:
                enabled: false
